
Microsoft Visual Studio Solution File, Format Version 12.00
# Visual Studio Version 16
VisualStudioVersion = 16.0.33927.289
MinimumVisualStudioVersion = 10.0.40219.1
Project("{FAE04EC0-301F-11D3-BF4B-00C04F79EFBC}") = "Tyuiu.KosovskykhVA.Sprint1.Task0.V6", "Tyuiu.KosovskykhVA.Sprint1.Task0.V0\Tyuiu.KosovskykhVA.Sprint1.Task0.V6.csproj", "{3A85A90F-D5BE-4F79-8818-342CDC752FA5}"
EndProject
Project("{FAE04EC0-301F-11D3-BF4B-00C04F79EFBC}") = "Tyuiu.KosovskykhVA.Sprint1.Task0.V6.Lib", "Tyuiu.KosovskykhVA.Sprint1.Task0.V0.Lib\Tyuiu.KosovskykhVA.Sprint1.Task0.V6.Lib.csproj", "{1ADEB398-6E94-4AED-9573-3A9B629EAA6F}"
EndProject
Project("{FAE04EC0-301F-11D3-BF4B-00C04F79EFBC}") = "Tyuiu.KosovskykhVA.Sprint1.Task0.V6.Test", "Tyuiu.KosovskykhVA.Sprint1.Task0.V0.Test\Tyuiu.KosovskykhVA.Sprint1.Task0.V6.Test.csproj", "{F401756A-10B7-489A-9A7F-5396B60BE6C2}"
EndProject
Project("{2150E333-8FDC-42A3-9474-1A3956D46DE8}") = "Task0", "Task0", "{D7DBDA6C-64FE-400D-8555-08B23C066D5D}"
EndProject
Project("{2150E333-8FDC-42A3-9474-1A3956D46DE8}") = "Task1", "Task1", "{D87C596A-566F-4B2C-B7BD-4D2BC12566C1}"
EndProject
Project("{2150E333-8FDC-42A3-9474-1A3956D46DE8}") = "Task2", "Task2", "{BAA39185-D2C2-4D3D-9693-658958E21BC4}"
EndProject
Project("{2150E333-8FDC-42A3-9474-1A3956D46DE8}") = "Task3", "Task3", "{40E327A7-A687-4FC1-BCC6-823E09387374}"
EndProject
Project("{2150E333-8FDC-42A3-9474-1A3956D46DE8}") = "Task4", "Task4", "{4A26E338-BAFF-4FE2-B497-11F775DE7325}"
EndProject
Project("{2150E333-8FDC-42A3-9474-1A3956D46DE8}") = "Task5", "Task5", "{D73E21F8-1CD7-472C-80E6-E9A5274DA670}"
EndProject
Project("{2150E333-8FDC-42A3-9474-1A3956D46DE8}") = "Task6", "Task6", "{6737BC04-17BB-4717-AE70-3DDA94720606}"
EndProject
Project("{2150E333-8FDC-42A3-9474-1A3956D46DE8}") = "Task7", "Task7", "{28438533-2DC0-4014-90AA-26C6CFA592F7}"
EndProject
Project("{FAE04EC0-301F-11D3-BF4B-00C04F79EFBC}") = "Tyuiu.KosovskykhVA.Sprint1.Task1.V9", "Tyuiu.KosovskykhVA.Sprint1.Task1.V9\Tyuiu.KosovskykhVA.Sprint1.Task1.V9.csproj", "{48626B38-4C2E-40EB-B7A0-4B513788F14C}"
EndProject
Project("{FAE04EC0-301F-11D3-BF4B-00C04F79EFBC}") = "Tyuiu.KosovskykhVA.Sprint1.Task1.V9.Lib", "Tyuiu.KosovskykhVA.Sprint1.Task1.V9.Lib\Tyuiu.KosovskykhVA.Sprint1.Task1.V9.Lib.csproj", "{E82EA061-468B-4466-8C63-346CEB8D57CF}"
EndProject
Project("{FAE04EC0-301F-11D3-BF4B-00C04F79EFBC}") = "Tyuiu.KosovskykhVA.Sprint1.Task1.V9.Test", "Tyuiu.KosovskykhVA.Sprint1.Task1.V9.Test\Tyuiu.KosovskykhVA.Sprint1.Task1.V9.Test.csproj", "{609966E3-E649-4DF5-B230-6BE004C2E51B}"
EndProject
Project("{FAE04EC0-301F-11D3-BF4B-00C04F79EFBC}") = "Tyuiu.KosovskykhVA.Sprint1.Task2.V14", "Tyuiu.KosovskykhVA.Sprint1.Task2.V14\Tyuiu.KosovskykhVA.Sprint1.Task2.V14.csproj", "{5468A4DB-0229-4E56-A332-9982521AB684}"
EndProject
Project("{FAE04EC0-301F-11D3-BF4B-00C04F79EFBC}") = "Tyuiu.KosovskykhVA.Sprint1.Task2.V14.Lib", "Tyuiu.KosovskykhVA.Sprint1.Task2.V14.Lib\Tyuiu.KosovskykhVA.Sprint1.Task2.V14.Lib.csproj", "{CC705069-31CE-48E1-A773-7A95AD9003C7}"
EndProject
Project("{FAE04EC0-301F-11D3-BF4B-00C04F79EFBC}") = "Tyuiu.KosovskykhVA.Sprint1.Task2.V14.Test", "Tyuiu.KosovskykhVA.Sprint1.Task2.V14.Test\Tyuiu.KosovskykhVA.Sprint1.Task2.V14.Test.csproj", "{8296B4B6-FAD3-4901-B933-DC293CBAE5F9}"
EndProject
Project("{FAE04EC0-301F-11D3-BF4B-00C04F79EFBC}") = "Tyuiu.KosovskykhVA.Sprint1.Task3.V14", "Tyuiu.KosovskykhVA.Sprint1.Task3.V14\Tyuiu.KosovskykhVA.Sprint1.Task3.V14.csproj", "{C20EB64B-2B6C-42F3-86BB-4A41F500ADA6}"
EndProject
Project("{FAE04EC0-301F-11D3-BF4B-00C04F79EFBC}") = "Tyuiu.KosovskykhVA.Sprint1.Task3.V14.Lib", "Tyuiu.KosovskykhVA.Sprint1.Task3.V14.Lib\Tyuiu.KosovskykhVA.Sprint1.Task3.V14.Lib.csproj", "{3885F636-1B86-4978-BCC0-8B7E18E863FB}"
EndProject
Project("{FAE04EC0-301F-11D3-BF4B-00C04F79EFBC}") = "Tyuiu.KosovskykhVA.Sprint1.Task3.V14.Test", "Tyuiu.KosovskykhVA.Sprint1.Task3.V14.Test\Tyuiu.KosovskykhVA.Sprint1.Task3.V14.Test.csproj", "{EC2BF1B3-9DAF-445D-AC28-E5E6109FD1DA}"
EndProject
Project("{FAE04EC0-301F-11D3-BF4B-00C04F79EFBC}") = "Tyuiu.KosovskykhVA.Sprint1.Task4.V2", "Tyuiu.KosovskykhVA.Sprint1.Task4.V2\Tyuiu.KosovskykhVA.Sprint1.Task4.V2.csproj", "{C093F799-5BD3-4F62-AD33-948E5B35FCBF}"
EndProject
Project("{FAE04EC0-301F-11D3-BF4B-00C04F79EFBC}") = "Tyuiu.KosovskykhVA.Sprint1.Task4.V2.Lib", "Tyuiu.KosovskykhVA.Sprint1.Task4.V2.Lib\Tyuiu.KosovskykhVA.Sprint1.Task4.V2.Lib.csproj", "{187A427D-DD8A-4215-942A-A8185E6C5F4F}"
EndProject
Project("{FAE04EC0-301F-11D3-BF4B-00C04F79EFBC}") = "Tyuiu.KosovskykhVA.Sprint1.Task4.V2.Test", "Tyuiu.KosovskykhVA.Sprint1.Task4.V2.Test\Tyuiu.KosovskykhVA.Sprint1.Task4.V2.Test.csproj", "{38A114C1-B849-41A1-B3CC-3F9E0A83B9CE}"
EndProject
Project("{FAE04EC0-301F-11D3-BF4B-00C04F79EFBC}") = "Tyuiu.KosovskykhVA.Sprint1.Task5.V7", "Tyuiu.KosovskykhVA.Sprint1.Task5.V16\Tyuiu.KosovskykhVA.Sprint1.Task5.V7.csproj", "{89EFA5F7-9506-4B45-ABC9-A11C8929ADD7}"
EndProject
Project("{FAE04EC0-301F-11D3-BF4B-00C04F79EFBC}") = "Tyuiu.KosovskykhVA.Sprint1.Task5.V7.Lib", "Tyuiu.KosovskykhVA.Sprint1.Task5.V16.Lib\Tyuiu.KosovskykhVA.Sprint1.Task5.V7.Lib.csproj", "{3F0BF71F-3F87-4F08-AAEB-3830BC4FAA5B}"
EndProject
Project("{FAE04EC0-301F-11D3-BF4B-00C04F79EFBC}") = "Tyuiu.KosovskykhVA.Sprint1.Task5.V7.Test", "Tyuiu.KosovskykhVA.Sprint1.Task5.V16.Test\Tyuiu.KosovskykhVA.Sprint1.Task5.V7.Test.csproj", "{9E1524FC-0694-45DC-9DD0-CA96DC84C8E4}"
EndProject
Project("{FAE04EC0-301F-11D3-BF4B-00C04F79EFBC}") = "Tyuiu.KosovskykhVA.Sprint1.Task6.V16", "Tyuiu.KosovskykhVA.Sprint1.Task6.V16\Tyuiu.KosovskykhVA.Sprint1.Task6.V16.csproj", "{E44817C6-F658-4C78-A2B0-E4FF3E677389}"
EndProject
Project("{FAE04EC0-301F-11D3-BF4B-00C04F79EFBC}") = "Tyuiu.KosovskykhVA.Sprint1.Task6.V16.Lib", "Tyuiu.KosovskykhVA.Sprint1.Task6.V16.Lib\Tyuiu.KosovskykhVA.Sprint1.Task6.V16.Lib.csproj", "{B53B7075-8A72-4E6B-A7C5-D2A586FC0782}"
EndProject
Project("{FAE04EC0-301F-11D3-BF4B-00C04F79EFBC}") = "Tyuiu.KosovskykhVA.Sprint1.Task6.V16.Test", "Tyuiu.KosovskykhVA.Sprint1.Task6.V16.Test\Tyuiu.KosovskykhVA.Sprint1.Task6.V16.Test.csproj", "{0BB9A4AE-FF23-4FDF-9B7D-70D071F24E50}"
EndProject
Project("{FAE04EC0-301F-11D3-BF4B-00C04F79EFBC}") = "Tyuiu.KosovskykhVA.Sprint1.Task7.V17", "Tyuiu.KosovskykhVA.Sprint1.Task7.V17\Tyuiu.KosovskykhVA.Sprint1.Task7.V17.csproj", "{2C750FE2-A0E8-4271-B3F2-F3446F95D3FA}"
EndProject
Project("{FAE04EC0-301F-11D3-BF4B-00C04F79EFBC}") = "Tyuiu.KosovskykhVA.Sprint1.Task7.V17.Lib", "Tyuiu.KosovskykhVA.Sprint1.Task7.V17.Lib\Tyuiu.KosovskykhVA.Sprint1.Task7.V17.Lib.csproj", "{032B97E6-315D-4FFB-801D-2C6BCE2F549E}"
EndProject
Project("{FAE04EC0-301F-11D3-BF4B-00C04F79EFBC}") = "Tyuiu.KosovskykhVA.Sprint1.Task7.V17.Test", "Tyuiu.KosovskykhVA.Sprint1.Task7.V17.Test\Tyuiu.KosovskykhVA.Sprint1.Task7.V17.Test.csproj", "{1C5B1390-8D3F-4D69-B22D-E72B453F7E09}"
EndProject
Global
	GlobalSection(SolutionConfigurationPlatforms) = preSolution
		Debug|Any CPU = Debug|Any CPU
		Release|Any CPU = Release|Any CPU
	EndGlobalSection
	GlobalSection(ProjectConfigurationPlatforms) = postSolution
		{3A85A90F-D5BE-4F79-8818-342CDC752FA5}.Debug|Any CPU.ActiveCfg = Debug|Any CPU
		{3A85A90F-D5BE-4F79-8818-342CDC752FA5}.Debug|Any CPU.Build.0 = Debug|Any CPU
		{3A85A90F-D5BE-4F79-8818-342CDC752FA5}.Release|Any CPU.ActiveCfg = Release|Any CPU
		{3A85A90F-D5BE-4F79-8818-342CDC752FA5}.Release|Any CPU.Build.0 = Release|Any CPU
		{1ADEB398-6E94-4AED-9573-3A9B629EAA6F}.Debug|Any CPU.ActiveCfg = Debug|Any CPU
		{1ADEB398-6E94-4AED-9573-3A9B629EAA6F}.Debug|Any CPU.Build.0 = Debug|Any CPU
		{1ADEB398-6E94-4AED-9573-3A9B629EAA6F}.Release|Any CPU.ActiveCfg = Release|Any CPU
		{1ADEB398-6E94-4AED-9573-3A9B629EAA6F}.Release|Any CPU.Build.0 = Release|Any CPU
		{F401756A-10B7-489A-9A7F-5396B60BE6C2}.Debug|Any CPU.ActiveCfg = Debug|Any CPU
		{F401756A-10B7-489A-9A7F-5396B60BE6C2}.Debug|Any CPU.Build.0 = Debug|Any CPU
		{F401756A-10B7-489A-9A7F-5396B60BE6C2}.Release|Any CPU.ActiveCfg = Release|Any CPU
		{F401756A-10B7-489A-9A7F-5396B60BE6C2}.Release|Any CPU.Build.0 = Release|Any CPU
		{48626B38-4C2E-40EB-B7A0-4B513788F14C}.Debug|Any CPU.ActiveCfg = Debug|Any CPU
		{48626B38-4C2E-40EB-B7A0-4B513788F14C}.Debug|Any CPU.Build.0 = Debug|Any CPU
		{48626B38-4C2E-40EB-B7A0-4B513788F14C}.Release|Any CPU.ActiveCfg = Release|Any CPU
		{48626B38-4C2E-40EB-B7A0-4B513788F14C}.Release|Any CPU.Build.0 = Release|Any CPU
		{E82EA061-468B-4466-8C63-346CEB8D57CF}.Debug|Any CPU.ActiveCfg = Debug|Any CPU
		{E82EA061-468B-4466-8C63-346CEB8D57CF}.Debug|Any CPU.Build.0 = Debug|Any CPU
		{E82EA061-468B-4466-8C63-346CEB8D57CF}.Release|Any CPU.ActiveCfg = Release|Any CPU
		{E82EA061-468B-4466-8C63-346CEB8D57CF}.Release|Any CPU.Build.0 = Release|Any CPU
		{609966E3-E649-4DF5-B230-6BE004C2E51B}.Debug|Any CPU.ActiveCfg = Debug|Any CPU
		{609966E3-E649-4DF5-B230-6BE004C2E51B}.Debug|Any CPU.Build.0 = Debug|Any CPU
		{609966E3-E649-4DF5-B230-6BE004C2E51B}.Release|Any CPU.ActiveCfg = Release|Any CPU
		{609966E3-E649-4DF5-B230-6BE004C2E51B}.Release|Any CPU.Build.0 = Release|Any CPU
		{5468A4DB-0229-4E56-A332-9982521AB684}.Debug|Any CPU.ActiveCfg = Debug|Any CPU
		{5468A4DB-0229-4E56-A332-9982521AB684}.Debug|Any CPU.Build.0 = Debug|Any CPU
		{5468A4DB-0229-4E56-A332-9982521AB684}.Release|Any CPU.ActiveCfg = Release|Any CPU
		{5468A4DB-0229-4E56-A332-9982521AB684}.Release|Any CPU.Build.0 = Release|Any CPU
		{CC705069-31CE-48E1-A773-7A95AD9003C7}.Debug|Any CPU.ActiveCfg = Debug|Any CPU
		{CC705069-31CE-48E1-A773-7A95AD9003C7}.Debug|Any CPU.Build.0 = Debug|Any CPU
		{CC705069-31CE-48E1-A773-7A95AD9003C7}.Release|Any CPU.ActiveCfg = Release|Any CPU
		{CC705069-31CE-48E1-A773-7A95AD9003C7}.Release|Any CPU.Build.0 = Release|Any CPU
		{8296B4B6-FAD3-4901-B933-DC293CBAE5F9}.Debug|Any CPU.ActiveCfg = Debug|Any CPU
		{8296B4B6-FAD3-4901-B933-DC293CBAE5F9}.Debug|Any CPU.Build.0 = Debug|Any CPU
		{8296B4B6-FAD3-4901-B933-DC293CBAE5F9}.Release|Any CPU.ActiveCfg = Release|Any CPU
		{8296B4B6-FAD3-4901-B933-DC293CBAE5F9}.Release|Any CPU.Build.0 = Release|Any CPU
		{C20EB64B-2B6C-42F3-86BB-4A41F500ADA6}.Debug|Any CPU.ActiveCfg = Debug|Any CPU
		{C20EB64B-2B6C-42F3-86BB-4A41F500ADA6}.Debug|Any CPU.Build.0 = Debug|Any CPU
		{C20EB64B-2B6C-42F3-86BB-4A41F500ADA6}.Release|Any CPU.ActiveCfg = Release|Any CPU
		{C20EB64B-2B6C-42F3-86BB-4A41F500ADA6}.Release|Any CPU.Build.0 = Release|Any CPU
		{3885F636-1B86-4978-BCC0-8B7E18E863FB}.Debug|Any CPU.ActiveCfg = Debug|Any CPU
		{3885F636-1B86-4978-BCC0-8B7E18E863FB}.Debug|Any CPU.Build.0 = Debug|Any CPU
		{3885F636-1B86-4978-BCC0-8B7E18E863FB}.Release|Any CPU.ActiveCfg = Release|Any CPU
		{3885F636-1B86-4978-BCC0-8B7E18E863FB}.Release|Any CPU.Build.0 = Release|Any CPU
		{EC2BF1B3-9DAF-445D-AC28-E5E6109FD1DA}.Debug|Any CPU.ActiveCfg = Debug|Any CPU
		{EC2BF1B3-9DAF-445D-AC28-E5E6109FD1DA}.Debug|Any CPU.Build.0 = Debug|Any CPU
		{EC2BF1B3-9DAF-445D-AC28-E5E6109FD1DA}.Release|Any CPU.ActiveCfg = Release|Any CPU
		{EC2BF1B3-9DAF-445D-AC28-E5E6109FD1DA}.Release|Any CPU.Build.0 = Release|Any CPU
		{C093F799-5BD3-4F62-AD33-948E5B35FCBF}.Debug|Any CPU.ActiveCfg = Debug|Any CPU
		{C093F799-5BD3-4F62-AD33-948E5B35FCBF}.Debug|Any CPU.Build.0 = Debug|Any CPU
		{C093F799-5BD3-4F62-AD33-948E5B35FCBF}.Release|Any CPU.ActiveCfg = Release|Any CPU
		{C093F799-5BD3-4F62-AD33-948E5B35FCBF}.Release|Any CPU.Build.0 = Release|Any CPU
		{187A427D-DD8A-4215-942A-A8185E6C5F4F}.Debug|Any CPU.ActiveCfg = Debug|Any CPU
		{187A427D-DD8A-4215-942A-A8185E6C5F4F}.Debug|Any CPU.Build.0 = Debug|Any CPU
		{187A427D-DD8A-4215-942A-A8185E6C5F4F}.Release|Any CPU.ActiveCfg = Release|Any CPU
		{187A427D-DD8A-4215-942A-A8185E6C5F4F}.Release|Any CPU.Build.0 = Release|Any CPU
		{38A114C1-B849-41A1-B3CC-3F9E0A83B9CE}.Debug|Any CPU.ActiveCfg = Debug|Any CPU
		{38A114C1-B849-41A1-B3CC-3F9E0A83B9CE}.Debug|Any CPU.Build.0 = Debug|Any CPU
		{38A114C1-B849-41A1-B3CC-3F9E0A83B9CE}.Release|Any CPU.ActiveCfg = Release|Any CPU
		{38A114C1-B849-41A1-B3CC-3F9E0A83B9CE}.Release|Any CPU.Build.0 = Release|Any CPU
		{89EFA5F7-9506-4B45-ABC9-A11C8929ADD7}.Debug|Any CPU.ActiveCfg = Debug|Any CPU
		{89EFA5F7-9506-4B45-ABC9-A11C8929ADD7}.Debug|Any CPU.Build.0 = Debug|Any CPU
		{89EFA5F7-9506-4B45-ABC9-A11C8929ADD7}.Release|Any CPU.ActiveCfg = Release|Any CPU
		{89EFA5F7-9506-4B45-ABC9-A11C8929ADD7}.Release|Any CPU.Build.0 = Release|Any CPU
		{3F0BF71F-3F87-4F08-AAEB-3830BC4FAA5B}.Debug|Any CPU.ActiveCfg = Debug|Any CPU
		{3F0BF71F-3F87-4F08-AAEB-3830BC4FAA5B}.Debug|Any CPU.Build.0 = Debug|Any CPU
		{3F0BF71F-3F87-4F08-AAEB-3830BC4FAA5B}.Release|Any CPU.ActiveCfg = Release|Any CPU
		{3F0BF71F-3F87-4F08-AAEB-3830BC4FAA5B}.Release|Any CPU.Build.0 = Release|Any CPU
		{9E1524FC-0694-45DC-9DD0-CA96DC84C8E4}.Debug|Any CPU.ActiveCfg = Debug|Any CPU
		{9E1524FC-0694-45DC-9DD0-CA96DC84C8E4}.Debug|Any CPU.Build.0 = Debug|Any CPU
		{9E1524FC-0694-45DC-9DD0-CA96DC84C8E4}.Release|Any CPU.ActiveCfg = Release|Any CPU
		{9E1524FC-0694-45DC-9DD0-CA96DC84C8E4}.Release|Any CPU.Build.0 = Release|Any CPU
		{E44817C6-F658-4C78-A2B0-E4FF3E677389}.Debug|Any CPU.ActiveCfg = Debug|Any CPU
		{E44817C6-F658-4C78-A2B0-E4FF3E677389}.Debug|Any CPU.Build.0 = Debug|Any CPU
		{E44817C6-F658-4C78-A2B0-E4FF3E677389}.Release|Any CPU.ActiveCfg = Release|Any CPU
		{E44817C6-F658-4C78-A2B0-E4FF3E677389}.Release|Any CPU.Build.0 = Release|Any CPU
		{B53B7075-8A72-4E6B-A7C5-D2A586FC0782}.Debug|Any CPU.ActiveCfg = Debug|Any CPU
		{B53B7075-8A72-4E6B-A7C5-D2A586FC0782}.Debug|Any CPU.Build.0 = Debug|Any CPU
		{B53B7075-8A72-4E6B-A7C5-D2A586FC0782}.Release|Any CPU.ActiveCfg = Release|Any CPU
		{B53B7075-8A72-4E6B-A7C5-D2A586FC0782}.Release|Any CPU.Build.0 = Release|Any CPU
		{0BB9A4AE-FF23-4FDF-9B7D-70D071F24E50}.Debug|Any CPU.ActiveCfg = Debug|Any CPU
		{0BB9A4AE-FF23-4FDF-9B7D-70D071F24E50}.Debug|Any CPU.Build.0 = Debug|Any CPU
		{0BB9A4AE-FF23-4FDF-9B7D-70D071F24E50}.Release|Any CPU.ActiveCfg = Release|Any CPU
		{0BB9A4AE-FF23-4FDF-9B7D-70D071F24E50}.Release|Any CPU.Build.0 = Release|Any CPU
		{2C750FE2-A0E8-4271-B3F2-F3446F95D3FA}.Debug|Any CPU.ActiveCfg = Debug|Any CPU
		{2C750FE2-A0E8-4271-B3F2-F3446F95D3FA}.Debug|Any CPU.Build.0 = Debug|Any CPU
		{2C750FE2-A0E8-4271-B3F2-F3446F95D3FA}.Release|Any CPU.ActiveCfg = Release|Any CPU
		{2C750FE2-A0E8-4271-B3F2-F3446F95D3FA}.Release|Any CPU.Build.0 = Release|Any CPU
		{032B97E6-315D-4FFB-801D-2C6BCE2F549E}.Debug|Any CPU.ActiveCfg = Debug|Any CPU
		{032B97E6-315D-4FFB-801D-2C6BCE2F549E}.Debug|Any CPU.Build.0 = Debug|Any CPU
		{032B97E6-315D-4FFB-801D-2C6BCE2F549E}.Release|Any CPU.ActiveCfg = Release|Any CPU
		{032B97E6-315D-4FFB-801D-2C6BCE2F549E}.Release|Any CPU.Build.0 = Release|Any CPU
		{1C5B1390-8D3F-4D69-B22D-E72B453F7E09}.Debug|Any CPU.ActiveCfg = Debug|Any CPU
		{1C5B1390-8D3F-4D69-B22D-E72B453F7E09}.Debug|Any CPU.Build.0 = Debug|Any CPU
		{1C5B1390-8D3F-4D69-B22D-E72B453F7E09}.Release|Any CPU.ActiveCfg = Release|Any CPU
		{1C5B1390-8D3F-4D69-B22D-E72B453F7E09}.Release|Any CPU.Build.0 = Release|Any CPU
	EndGlobalSection
	GlobalSection(SolutionProperties) = preSolution
		HideSolutionNode = FALSE
	EndGlobalSection
	GlobalSection(NestedProjects) = preSolution
		{3A85A90F-D5BE-4F79-8818-342CDC752FA5} = {D7DBDA6C-64FE-400D-8555-08B23C066D5D}
		{1ADEB398-6E94-4AED-9573-3A9B629EAA6F} = {D7DBDA6C-64FE-400D-8555-08B23C066D5D}
		{F401756A-10B7-489A-9A7F-5396B60BE6C2} = {D7DBDA6C-64FE-400D-8555-08B23C066D5D}
		{48626B38-4C2E-40EB-B7A0-4B513788F14C} = {D87C596A-566F-4B2C-B7BD-4D2BC12566C1}
		{E82EA061-468B-4466-8C63-346CEB8D57CF} = {D87C596A-566F-4B2C-B7BD-4D2BC12566C1}
		{609966E3-E649-4DF5-B230-6BE004C2E51B} = {D87C596A-566F-4B2C-B7BD-4D2BC12566C1}
		{5468A4DB-0229-4E56-A332-9982521AB684} = {BAA39185-D2C2-4D3D-9693-658958E21BC4}
		{CC705069-31CE-48E1-A773-7A95AD9003C7} = {BAA39185-D2C2-4D3D-9693-658958E21BC4}
		{8296B4B6-FAD3-4901-B933-DC293CBAE5F9} = {BAA39185-D2C2-4D3D-9693-658958E21BC4}
		{C20EB64B-2B6C-42F3-86BB-4A41F500ADA6} = {40E327A7-A687-4FC1-BCC6-823E09387374}
		{3885F636-1B86-4978-BCC0-8B7E18E863FB} = {40E327A7-A687-4FC1-BCC6-823E09387374}
		{EC2BF1B3-9DAF-445D-AC28-E5E6109FD1DA} = {40E327A7-A687-4FC1-BCC6-823E09387374}
		{C093F799-5BD3-4F62-AD33-948E5B35FCBF} = {4A26E338-BAFF-4FE2-B497-11F775DE7325}
		{187A427D-DD8A-4215-942A-A8185E6C5F4F} = {4A26E338-BAFF-4FE2-B497-11F775DE7325}
		{38A114C1-B849-41A1-B3CC-3F9E0A83B9CE} = {4A26E338-BAFF-4FE2-B497-11F775DE7325}
		{89EFA5F7-9506-4B45-ABC9-A11C8929ADD7} = {D73E21F8-1CD7-472C-80E6-E9A5274DA670}
		{3F0BF71F-3F87-4F08-AAEB-3830BC4FAA5B} = {D73E21F8-1CD7-472C-80E6-E9A5274DA670}
		{9E1524FC-0694-45DC-9DD0-CA96DC84C8E4} = {D73E21F8-1CD7-472C-80E6-E9A5274DA670}
		{E44817C6-F658-4C78-A2B0-E4FF3E677389} = {6737BC04-17BB-4717-AE70-3DDA94720606}
		{B53B7075-8A72-4E6B-A7C5-D2A586FC0782} = {6737BC04-17BB-4717-AE70-3DDA94720606}
		{0BB9A4AE-FF23-4FDF-9B7D-70D071F24E50} = {6737BC04-17BB-4717-AE70-3DDA94720606}
		{2C750FE2-A0E8-4271-B3F2-F3446F95D3FA} = {28438533-2DC0-4014-90AA-26C6CFA592F7}
		{032B97E6-315D-4FFB-801D-2C6BCE2F549E} = {28438533-2DC0-4014-90AA-26C6CFA592F7}
		{1C5B1390-8D3F-4D69-B22D-E72B453F7E09} = {28438533-2DC0-4014-90AA-26C6CFA592F7}
	EndGlobalSection
	GlobalSection(ExtensibilityGlobals) = postSolution
		SolutionGuid = {3829417E-CC01-4057-9F8D-02EBF68D94C7}
	EndGlobalSection
EndGlobal
